{
  "name": "@the_adi/medium-common",
  "version": "1.0.2",
  "lockfileVersion": 3,
  "requires": true,
  "packages": {
    "": {
      "name": "@the_adi/medium-common",
      "version": "1.0.2",
      "license": "ISC",
      "dependencies": {
        "@the_adi/medium-common": "^1.0.2"
      }
    },
    "node_modules/@the_adi/medium-common": {
      "version": "1.0.2",
      "resolved": "https://registry.npmjs.org/@the_adi/medium-common/-/medium-common-1.0.2.tgz",
      "integrity": "sha512-KgDw4Emc4GgJCPL5/WrD69ZzxQTjFls5joeUGBJ7wlWV7TVAfGFykZ/pIhBRuOmO9/xppMUftji1QSK3Gm/2Ug==",
      "dependencies": {
        "@the_adi/medium-common": "^1.0.1"
      }
    }
  }
}
